
Microsoft Visual Studio Solution File, Format Version 12.00
# Visual Studio 15
VisualStudioVersion = 15.0.27703.2018
MinimumVisualStudioVersion = 10.0.40219.1
Project("{FAE04EC0-301F-11D3-BF4B-00C04F79EFBC}") = "WebAListener", "WebAListener\WebAListener.csproj", "{4C37C928-8211-49D6-A556-CDCCF3B3A3F9}"
EndProject
Project("{FAE04EC0-301F-11D3-BF4B-00C04F79EFBC}") = "Conversation", "Server\Conversation.csproj", "{097DC2D1-4F72-41D4-A75B-77347E083F5D}"
EndProject
Global
	GlobalSection(SolutionConfigurationPlatforms) = preSolution
		Debug|Any CPU = Debug|Any CPU
		Release|Any CPU = Release|Any CPU
	EndGlobalSection
	GlobalSection(ProjectConfigurationPlatforms) = postSolution
		{4C37C928-8211-49D6-A556-CDCCF3B3A3F9}.Debug|Any CPU.ActiveCfg = Debug|Any CPU
		{4C37C928-8211-49D6-A556-CDCCF3B3A3F9}.Debug|Any CPU.Build.0 = Debug|Any CPU
		{4C37C928-8211-49D6-A556-CDCCF3B3A3F9}.Release|Any CPU.ActiveCfg = Release|Any CPU
		{4C37C928-8211-49D6-A556-CDCCF3B3A3F9}.Release|Any CPU.Build.0 = Release|Any CPU
		{097DC2D1-4F72-41D4-A75B-77347E083F5D}.Debug|Any CPU.ActiveCfg = Debug|Any CPU
		{097DC2D1-4F72-41D4-A75B-77347E083F5D}.Debug|Any CPU.Build.0 = Debug|Any CPU
		{097DC2D1-4F72-41D4-A75B-77347E083F5D}.Release|Any CPU.ActiveCfg = Release|Any CPU
		{097DC2D1-4F72-41D4-A75B-77347E083F5D}.Release|Any CPU.Build.0 = Release|Any CPU
	EndGlobalSection
	GlobalSection(SolutionProperties) = preSolution
		HideSolutionNode = FALSE
	EndGlobalSection
	GlobalSection(ExtensibilityGlobals) = postSolution
		SolutionGuid = {4BCC32C2-457A-439B-94D0-D355BA7B60C0}
	EndGlobalSection
EndGlobal
